
Microsoft Visual Studio Solution File, Format Version 12.00
# Visual Studio Version 17
VisualStudioVersion = 17.7.34221.43
MinimumVisualStudioVersion = 10.0.40219.1
Project("{FAE04EC0-301F-11D3-BF4B-00C04F79EFBC}") = "AoC", "AoC.csproj", "{29755A2B-9FC4-4F83-AB28-DE1EFE5B330F}"
EndProject
Project("{FAE04EC0-301F-11D3-BF4B-00C04F79EFBC}") = "AoCTests", "..\AoCTests\AoCTests.csproj", "{FC0F1204-F83A-4C06-8994-8EA42979D5BD}"
EndProject
Global
	GlobalSection(SolutionConfigurationPlatforms) = preSolution
		Debug|Any CPU = Debug|Any CPU
		Release|Any CPU = Release|Any CPU
	EndGlobalSection
	GlobalSection(ProjectConfigurationPlatforms) = postSolution
		{29755A2B-9FC4-4F83-AB28-DE1EFE5B330F}.Debug|Any CPU.ActiveCfg = Debug|Any CPU
		{29755A2B-9FC4-4F83-AB28-DE1EFE5B330F}.Debug|Any CPU.Build.0 = Debug|Any CPU
		{29755A2B-9FC4-4F83-AB28-DE1EFE5B330F}.Release|Any CPU.ActiveCfg = Release|Any CPU
		{29755A2B-9FC4-4F83-AB28-DE1EFE5B330F}.Release|Any CPU.Build.0 = Release|Any CPU
		{FC0F1204-F83A-4C06-8994-8EA42979D5BD}.Debug|Any CPU.ActiveCfg = Debug|Any CPU
		{FC0F1204-F83A-4C06-8994-8EA42979D5BD}.Debug|Any CPU.Build.0 = Debug|Any CPU
		{FC0F1204-F83A-4C06-8994-8EA42979D5BD}.Release|Any CPU.ActiveCfg = Release|Any CPU
		{FC0F1204-F83A-4C06-8994-8EA42979D5BD}.Release|Any CPU.Build.0 = Release|Any CPU
	EndGlobalSection
	GlobalSection(SolutionProperties) = preSolution
		HideSolutionNode = FALSE
	EndGlobalSection
	GlobalSection(ExtensibilityGlobals) = postSolution
		SolutionGuid = {88517A6B-F5A4-425D-A044-D36254BE5E1D}
	EndGlobalSection
EndGlobal
